
Microsoft Visual Studio Solution File, Format Version 12.00
# Visual Studio Version 17
VisualStudioVersion = 17.11.35222.181
MinimumVisualStudioVersion = 10.0.40219.1
Project("{FAE04EC0-301F-11D3-BF4B-00C04F79EFBC}") = "Zentient.Debugging", "Zentient.Debugging\Zentient.Debugging.csproj", "{0D90F641-2EFE-4B05-A304-6B34C8234834}"
EndProject
Global
	GlobalSection(SolutionConfigurationPlatforms) = preSolution
		Debug|Any CPU = Debug|Any CPU
		Release|Any CPU = Release|Any CPU
	EndGlobalSection
	GlobalSection(ProjectConfigurationPlatforms) = postSolution
		{0D90F641-2EFE-4B05-A304-6B34C8234834}.Debug|Any CPU.ActiveCfg = Debug|Any CPU
		{0D90F641-2EFE-4B05-A304-6B34C8234834}.Debug|Any CPU.Build.0 = Debug|Any CPU
		{0D90F641-2EFE-4B05-A304-6B34C8234834}.Release|Any CPU.ActiveCfg = Release|Any CPU
		{0D90F641-2EFE-4B05-A304-6B34C8234834}.Release|Any CPU.Build.0 = Release|Any CPU
	EndGlobalSection
	GlobalSection(SolutionProperties) = preSolution
		HideSolutionNode = FALSE
	EndGlobalSection
	GlobalSection(ExtensibilityGlobals) = postSolution
		SolutionGuid = {7F963DE5-2FB4-42C8-8CA0-0B3FDA35072F}
	EndGlobalSection
EndGlobal
